<?xml version="1.0" encoding="UTF-8" standalone="yes" ?>
<CodeBlocks_project_file>
	<FileVersion major="1" minor="6" />
	<Project>
		<Option title="Conrad" />
		<Option pch_mode="2" />
		<Option compiler="gcc" />
		<Option show_notes="0">
			<notes>
				<![CDATA[16/07/2018 15:54 | Implemented AbstractMesh yesterday. One VBO/VAO per mesh for now.
17/07/2018 03:10 | Implemented AbstractTexture. Every mesh is considered as using a texture (which is ok in a game engine, every mesh will be using textures). If a mesh hasn't any specified texture coordinates, the engine still uses textures for the mesh with the same coordinates for every vertex (whatever..), and a fully transparent texture applied.]]>
			</notes>
		</Option>
		<Build>
			<Target title="Debug">
				<Option output="bin/Debug/Conrad" prefix_auto="1" extension_auto="1" />
				<Option object_output="obj/Debug/" />
				<Option type="1" />
				<Option compiler="gcc" />
				<Compiler>
					<Add option="-std=c++11" />
					<Add option="-g" />
					<Add directory="$(#sdl2.INCLUDE)" />
					<Add directory="$(#glm.INCLUDE)" />
					<Add directory="include" />
					<Add directory="$(#glew.INCLUDE)" />
				</Compiler>
				<Linker>
					<Add directory="$(#sdl2.LIB)" />
					<Add directory="$(#glew.LIB)" />
				</Linker>
			</Target>
			<Target title="Release">
				<Option output="bin/Release/Conrad" prefix_auto="1" extension_auto="1" />
				<Option object_output="obj/Release/" />
				<Option type="1" />
				<Option compiler="gcc" />
				<Compiler>
					<Add option="-O2" />
					<Add option="-std=c++11" />
					<Add directory="$(#sdl2.INCLUDE)" />
					<Add directory="$(#glm.INCLUDE)" />
					<Add directory="include" />
					<Add directory="$(#glew.INCLUDE)" />
				</Compiler>
				<Linker>
					<Add option="-s" />
					<Add directory="$(#sdl2.LIB)" />
				</Linker>
			</Target>
		</Build>
		<Compiler>
			<Add option="-Wall" />
			<Add option="-std=c++11" />
			<Add option="-fexceptions" />
			<Add option="-DWIN32" />
			<Add directory="$(#sdl2.INCLUDE)" />
			<Add directory="$(#glm.INCLUDE)" />
			<Add directory="$(#glew.INCLUDE)" />
		</Compiler>
		<Linker>
			<Add library="mingw32" />
			<Add library="SDL2main" />
			<Add library="SDL2" />
			<Add library="SDL2_image" />
			<Add library="opengl32" />
			<Add library="glew32" />
			<Add directory="$(#sdl2.LIB)" />
			<Add directory="$(#glew.LIB)" />
		</Linker>
		<Unit filename="include/AbstractCamera.h" />
		<Unit filename="include/AbstractMaterial.h" />
		<Unit filename="include/AbstractMesh.h" />
		<Unit filename="include/AbstractTexture.h" />
		<Unit filename="include/Application.h" />
		<Unit filename="include/InputManager.h" />
		<Unit filename="include/Renderer.h" />
		<Unit filename="include/Shader.h" />
		<Unit filename="include/StaticMesh.h" />
		<Unit filename="include/TestCube.h" />
		<Unit filename="include/TestTriangle.h" />
		<Unit filename="include/scope.h" />
		<Unit filename="include/utilities.hpp" />
		<Unit filename="main.cpp" />
		<Unit filename="src/AbstractCamera.cpp" />
		<Unit filename="src/AbstractMaterial.cpp" />
		<Unit filename="src/AbstractMesh.cpp" />
		<Unit filename="src/AbstractTexture.cpp" />
		<Unit filename="src/Application.cpp" />
		<Unit filename="src/InputManager.cpp" />
		<Unit filename="src/Renderer.cpp" />
		<Unit filename="src/Shader.cpp" />
		<Unit filename="src/StaticMesh.cpp" />
		<Unit filename="src/TestCube.cpp" />
		<Unit filename="src/TestTriangle.cpp" />
		<Extensions>
			<code_completion />
			<envvars />
			<debugger />
		</Extensions>
	</Project>
</CodeBlocks_project_file>
